
Microsoft Visual Studio Solution File, Format Version 12.00
# Visual Studio 2012
Project("{FAE04EC0-301F-11D3-BF4B-00C04F79EFBC}") = "Palmer", "Palmer\Palmer.csproj", "{DF4DC5CC-6DB6-40D3-9930-C7FE7E1EEEF9}"
EndProject
Project("{FAE04EC0-301F-11D3-BF4B-00C04F79EFBC}") = "Palmer.Tests", "Palmer.Tests\Palmer.Tests.csproj", "{646A3705-DD15-4006-A6C4-29B03154CFEB}"
EndProject
Project("{2150E333-8FDC-42A3-9474-1A3956D46DE8}") = "Solution Items", "Solution Items", "{D381C1F1-3CEB-4198-BE12-6A8554E2B106}"
	ProjectSection(SolutionItems) = preProject
		README.md = README.md
	EndProjectSection
EndProject
Project("{2150E333-8FDC-42A3-9474-1A3956D46DE8}") = ".nuget", ".nuget", "{8781EA7C-2537-40C1-93B9-D34D7718A99E}"
	ProjectSection(SolutionItems) = preProject
		.nuget\packages.config = .nuget\packages.config
	EndProjectSection
EndProject
Global
	GlobalSection(SolutionConfigurationPlatforms) = preSolution
		Debug|Any CPU = Debug|Any CPU
		Release|Any CPU = Release|Any CPU
	EndGlobalSection
	GlobalSection(ProjectConfigurationPlatforms) = postSolution
		{DF4DC5CC-6DB6-40D3-9930-C7FE7E1EEEF9}.Debug|Any CPU.ActiveCfg = Debug|Any CPU
		{DF4DC5CC-6DB6-40D3-9930-C7FE7E1EEEF9}.Debug|Any CPU.Build.0 = Debug|Any CPU
		{DF4DC5CC-6DB6-40D3-9930-C7FE7E1EEEF9}.Release|Any CPU.ActiveCfg = Release|Any CPU
		{DF4DC5CC-6DB6-40D3-9930-C7FE7E1EEEF9}.Release|Any CPU.Build.0 = Release|Any CPU
		{646A3705-DD15-4006-A6C4-29B03154CFEB}.Debug|Any CPU.ActiveCfg = Debug|Any CPU
		{646A3705-DD15-4006-A6C4-29B03154CFEB}.Debug|Any CPU.Build.0 = Debug|Any CPU
		{646A3705-DD15-4006-A6C4-29B03154CFEB}.Release|Any CPU.ActiveCfg = Release|Any CPU
		{646A3705-DD15-4006-A6C4-29B03154CFEB}.Release|Any CPU.Build.0 = Release|Any CPU
	EndGlobalSection
	GlobalSection(SolutionProperties) = preSolution
		HideSolutionNode = FALSE
	EndGlobalSection
EndGlobal
